
Microsoft Visual Studio Solution File, Format Version 11.00
# Visual Studio 2010
Project("{8BC9CEB8-8B4A-11D0-8D11-00A0C91BC942}") = "ogl", "ogl.vcxproj", "{E364D28B-C069-489E-96D7-781379C6017A}"
EndProject
Global
	GlobalSection(SolutionConfigurationPlatforms) = preSolution
		Debug|Win32 = Debug|Win32
		Release|Win32 = Release|Win32
	EndGlobalSection
	GlobalSection(ProjectConfigurationPlatforms) = postSolution
		{E364D28B-C069-489E-96D7-781379C6017A}.Debug|Win32.ActiveCfg = Debug|Win32
		{E364D28B-C069-489E-96D7-781379C6017A}.Debug|Win32.Build.0 = Debug|Win32
		{E364D28B-C069-489E-96D7-781379C6017A}.Release|Win32.ActiveCfg = Release|Win32
		{E364D28B-C069-489E-96D7-781379C6017A}.Release|Win32.Build.0 = Release|Win32
	EndGlobalSection
	GlobalSection(SolutionProperties) = preSolution
		HideSolutionNode = FALSE
	EndGlobalSection
EndGlobal
